
Microsoft Visual Studio Solution File, Format Version 12.00
# Visual Studio Version 16
VisualStudioVersion = 16.0.34031.81
MinimumVisualStudioVersion = 10.0.40219.1
Project("{FAE04EC0-301F-11D3-BF4B-00C04F79EFBC}") = "Opradores Logicos", "Opradores Logicos\Opradores Logicos.csproj", "{78E1E2A5-0FBB-4E7F-A369-83BFFED22E61}"
EndProject
Global
	GlobalSection(SolutionConfigurationPlatforms) = preSolution
		Debug|Any CPU = Debug|Any CPU
		Release|Any CPU = Release|Any CPU
	EndGlobalSection
	GlobalSection(ProjectConfigurationPlatforms) = postSolution
		{78E1E2A5-0FBB-4E7F-A369-83BFFED22E61}.Debug|Any CPU.ActiveCfg = Debug|Any CPU
		{78E1E2A5-0FBB-4E7F-A369-83BFFED22E61}.Debug|Any CPU.Build.0 = Debug|Any CPU
		{78E1E2A5-0FBB-4E7F-A369-83BFFED22E61}.Release|Any CPU.ActiveCfg = Release|Any CPU
		{78E1E2A5-0FBB-4E7F-A369-83BFFED22E61}.Release|Any CPU.Build.0 = Release|Any CPU
	EndGlobalSection
	GlobalSection(SolutionProperties) = preSolution
		HideSolutionNode = FALSE
	EndGlobalSection
	GlobalSection(ExtensibilityGlobals) = postSolution
		SolutionGuid = {362D1D1D-7414-4F55-9FCE-4AFB8259368E}
	EndGlobalSection
EndGlobal
