
Microsoft Visual Studio Solution File, Format Version 12.00
# Visual Studio Version 16
VisualStudioVersion = 16.0.34031.81
MinimumVisualStudioVersion = 10.0.40219.1
Project("{FAE04EC0-301F-11D3-BF4B-00C04F79EFBC}") = "WebApplication1", "WebApplication1\WebApplication1.csproj", "{C637DDA7-26ED-425C-8A4F-FA86DCB86E9C}"
EndProject
Global
	GlobalSection(SolutionConfigurationPlatforms) = preSolution
		Debug|Any CPU = Debug|Any CPU
		Release|Any CPU = Release|Any CPU
	EndGlobalSection
	GlobalSection(ProjectConfigurationPlatforms) = postSolution
		{C637DDA7-26ED-425C-8A4F-FA86DCB86E9C}.Debug|Any CPU.ActiveCfg = Debug|Any CPU
		{C637DDA7-26ED-425C-8A4F-FA86DCB86E9C}.Debug|Any CPU.Build.0 = Debug|Any CPU
		{C637DDA7-26ED-425C-8A4F-FA86DCB86E9C}.Release|Any CPU.ActiveCfg = Release|Any CPU
		{C637DDA7-26ED-425C-8A4F-FA86DCB86E9C}.Release|Any CPU.Build.0 = Release|Any CPU
	EndGlobalSection
	GlobalSection(SolutionProperties) = preSolution
		HideSolutionNode = FALSE
	EndGlobalSection
	GlobalSection(ExtensibilityGlobals) = postSolution
		SolutionGuid = {F914AEF6-43FF-4595-A73C-32757E049390}
	EndGlobalSection
EndGlobal
